PODS:
  - RFAboutView-Swift (3.0.0)

DEPENDENCIES:
  - RFAboutView-Swift (from `../`)

EXTERNAL SOURCES:
  RFAboutView-Swift:
    :path: "../"

SPEC CHECKSUMS:
  RFAboutView-Swift: b370e028ccdeef4dd48e50b9ab219906b678f8f6

PODFILE CHECKSUM: 46e3974eb52d94435ed6c4bc2b61c2da71daee5c

COCOAPODS: 1.10.0
